
Microsoft Visual Studio Solution File, Format Version 12.00
# Visual Studio Version 17
VisualStudioVersion = 17.5.002.0
MinimumVisualStudioVersion = 10.0.40219.1
Project("{2150E333-8FDC-42A3-9474-1A3956D46DE8}") = "ozt", "ozt", "{A5A8CFC1-C051-434B-8A2B-941707B4C669}"
EndProject
Project("{2150E333-8FDC-42A3-9474-1A3956D46DE8}") = "v2.0.0", "v2.0.0", "{32457E08-79F8-4C3B-9CD0-593A2EE8AC75}"
EndProject
Project("{9A19103F-16F7-4668-BE54-9A1E7A4F7556}") = "Ozcorps.Ozt.ApiTest", "ozt\v2.0.0\Ozcorps.Ozt.ApiTest\Ozcorps.Ozt.ApiTest.csproj", "{1E312199-AF54-4DF2-8212-00659DD044A2}"
EndProject
Project("{9A19103F-16F7-4668-BE54-9A1E7A4F7556}") = "Ozcorps.Ozt.UnitTest", "ozt\v2.0.0\Ozcorps.Ozt.UnitTest\Ozcorps.Ozt.UnitTest.csproj", "{50907923-A6B4-42FB-B88D-DB7B07048BFA}"
EndProject
Project("{2150E333-8FDC-42A3-9474-1A3956D46DE8}") = "logger", "logger", "{F035653E-F6E9-4137-A309-3ECC40CCCD9A}"
EndProject
Project("{2150E333-8FDC-42A3-9474-1A3956D46DE8}") = "v2.0.0", "v2.0.0", "{AF309EB7-BA0C-4D2F-A377-8F4A17D637B2}"
EndProject
Project("{9A19103F-16F7-4668-BE54-9A1E7A4F7556}") = "Ozcorps.Logger.ApiTest", "logger\v2.0.0\Ozcorps.Logger.ApiTest\Ozcorps.Logger.ApiTest.csproj", "{B797A66D-C88C-4F51-B6F5-72E2668DDB75}"
EndProject
Project("{9A19103F-16F7-4668-BE54-9A1E7A4F7556}") = "Ozcorps.Logger.UnitTest", "logger\v2.0.0\Ozcorps.Logger.UnitTest\Ozcorps.Logger.UnitTest.csproj", "{FC5192DC-DB75-4A78-B1DB-2B20F91A86A0}"
EndProject
Project("{2150E333-8FDC-42A3-9474-1A3956D46DE8}") = "generic", "generic", "{EE96A1E2-266F-42B8-A122-F47DB7944D29}"
EndProject
Project("{2150E333-8FDC-42A3-9474-1A3956D46DE8}") = "v2.0.0", "v2.0.0", "{E77862AC-CE94-44BF-914D-4204C1214DFE}"
EndProject
Project("{9A19103F-16F7-4668-BE54-9A1E7A4F7556}") = "Ozcorps.Generic.UnitTest", "generic\v2.0.0\Ozcorps.Generic.UnitTest\Ozcorps.Generic.UnitTest.csproj", "{A0166190-A824-46EF-B590-AA9225B26C00}"
EndProject
Project("{9A19103F-16F7-4668-BE54-9A1E7A4F7556}") = "Ozcorps.Generic.ApiTest", "generic\v2.0.0\Ozcorps.Generic.ApiTest\Ozcorps.Generic.ApiTest.csproj", "{D06E24EE-5C2D-4376-836F-83FDBF617B2A}"
EndProject
Project("{2150E333-8FDC-42A3-9474-1A3956D46DE8}") = "core", "core", "{299925BB-8CEC-443D-90F0-0598F6564C01}"
EndProject
Project("{2150E333-8FDC-42A3-9474-1A3956D46DE8}") = "v3.0.1", "v3.0.1", "{07FFF0E4-8AD2-4E76-B481-BEAA95A87618}"
EndProject
Project("{9A19103F-16F7-4668-BE54-9A1E7A4F7556}") = "Ozcorps.Core.UnitTest", "core\v3.0.1\Ozcorps.Core.UnitTest\Ozcorps.Core.UnitTest.csproj", "{A92F943C-009D-412B-B8D2-DB754EABEC63}"
EndProject
Project("{2150E333-8FDC-42A3-9474-1A3956D46DE8}") = "v3.0.0", "v3.0.0", "{B00A65BE-F956-4FDB-8C68-551B9F079B84}"
EndProject
Project("{9A19103F-16F7-4668-BE54-9A1E7A4F7556}") = "Ozcorps.Core.UnitTest", "core\v3.0.0\Ozcorps.Core.UnitTest\Ozcorps.Core.UnitTest.csproj", "{08285224-9F4F-4FAF-95EC-FB28C2E77725}"
EndProject
Project("{2150E333-8FDC-42A3-9474-1A3956D46DE8}") = "tools", "tools", "{FDDE70E4-F1AF-483F-9D07-161DFACEB671}"
EndProject
Project("{2150E333-8FDC-42A3-9474-1A3956D46DE8}") = "v1.1.0", "v1.1.0", "{FFEBBEC9-3FBF-4708-A4FD-3DF71C4EB4D3}"
EndProject
Project("{9A19103F-16F7-4668-BE54-9A1E7A4F7556}") = "Ozcorps.Tools.UnitTest", "tools\v1.1.0\Ozcorps.Tools.UnitTest\Ozcorps.Tools.UnitTest.csproj", "{1C7B7108-3FDE-4E40-92E5-17F232B19362}"
EndProject
Project("{2150E333-8FDC-42A3-9474-1A3956D46DE8}") = "v1.0.0", "v1.0.0", "{804115B2-5A5F-4AB3-9BA4-04D461A4D4F2}"
EndProject
Project("{9A19103F-16F7-4668-BE54-9A1E7A4F7556}") = "Ozcorps.Tools.UnitTest", "tools\v1.0.0\Ozcorps.Tools.UnitTest\Ozcorps.Tools.UnitTest.csproj", "{9993AF7B-5AAB-460F-BA32-8EDC6A34103D}"
EndProject
Project("{2150E333-8FDC-42A3-9474-1A3956D46DE8}") = "v1.0.1", "v1.0.1", "{9B758F14-EF8E-457E-BAD7-DFC65E86D437}"
EndProject
Project("{9A19103F-16F7-4668-BE54-9A1E7A4F7556}") = "Ozcorps.Tools.UnitTest", "tools\v1.0.1\Ozcorps.Tools.UnitTest\Ozcorps.Tools.UnitTest.csproj", "{3E940307-5201-458C-9F40-0E44A2EC208C}"
EndProject
Global
	GlobalSection(SolutionConfigurationPlatforms) = preSolution
		Debug|Any CPU = Debug|Any CPU
		Release|Any CPU = Release|Any CPU
	EndGlobalSection
	GlobalSection(ProjectConfigurationPlatforms) = postSolution
		{1E312199-AF54-4DF2-8212-00659DD044A2}.Debug|Any CPU.ActiveCfg = Debug|Any CPU
		{1E312199-AF54-4DF2-8212-00659DD044A2}.Debug|Any CPU.Build.0 = Debug|Any CPU
		{1E312199-AF54-4DF2-8212-00659DD044A2}.Release|Any CPU.ActiveCfg = Release|Any CPU
		{1E312199-AF54-4DF2-8212-00659DD044A2}.Release|Any CPU.Build.0 = Release|Any CPU
		{50907923-A6B4-42FB-B88D-DB7B07048BFA}.Debug|Any CPU.ActiveCfg = Debug|Any CPU
		{50907923-A6B4-42FB-B88D-DB7B07048BFA}.Debug|Any CPU.Build.0 = Debug|Any CPU
		{50907923-A6B4-42FB-B88D-DB7B07048BFA}.Release|Any CPU.ActiveCfg = Release|Any CPU
		{50907923-A6B4-42FB-B88D-DB7B07048BFA}.Release|Any CPU.Build.0 = Release|Any CPU
		{B797A66D-C88C-4F51-B6F5-72E2668DDB75}.Debug|Any CPU.ActiveCfg = Debug|Any CPU
		{B797A66D-C88C-4F51-B6F5-72E2668DDB75}.Debug|Any CPU.Build.0 = Debug|Any CPU
		{B797A66D-C88C-4F51-B6F5-72E2668DDB75}.Release|Any CPU.ActiveCfg = Release|Any CPU
		{B797A66D-C88C-4F51-B6F5-72E2668DDB75}.Release|Any CPU.Build.0 = Release|Any CPU
		{FC5192DC-DB75-4A78-B1DB-2B20F91A86A0}.Debug|Any CPU.ActiveCfg = Debug|Any CPU
		{FC5192DC-DB75-4A78-B1DB-2B20F91A86A0}.Debug|Any CPU.Build.0 = Debug|Any CPU
		{FC5192DC-DB75-4A78-B1DB-2B20F91A86A0}.Release|Any CPU.ActiveCfg = Release|Any CPU
		{FC5192DC-DB75-4A78-B1DB-2B20F91A86A0}.Release|Any CPU.Build.0 = Release|Any CPU
		{A0166190-A824-46EF-B590-AA9225B26C00}.Debug|Any CPU.ActiveCfg = Debug|Any CPU
		{A0166190-A824-46EF-B590-AA9225B26C00}.Debug|Any CPU.Build.0 = Debug|Any CPU
		{A0166190-A824-46EF-B590-AA9225B26C00}.Release|Any CPU.ActiveCfg = Release|Any CPU
		{A0166190-A824-46EF-B590-AA9225B26C00}.Release|Any CPU.Build.0 = Release|Any CPU
		{D06E24EE-5C2D-4376-836F-83FDBF617B2A}.Debug|Any CPU.ActiveCfg = Debug|Any CPU
		{D06E24EE-5C2D-4376-836F-83FDBF617B2A}.Debug|Any CPU.Build.0 = Debug|Any CPU
		{D06E24EE-5C2D-4376-836F-83FDBF617B2A}.Release|Any CPU.ActiveCfg = Release|Any CPU
		{D06E24EE-5C2D-4376-836F-83FDBF617B2A}.Release|Any CPU.Build.0 = Release|Any CPU
		{A92F943C-009D-412B-B8D2-DB754EABEC63}.Debug|Any CPU.ActiveCfg = Debug|Any CPU
		{A92F943C-009D-412B-B8D2-DB754EABEC63}.Debug|Any CPU.Build.0 = Debug|Any CPU
		{A92F943C-009D-412B-B8D2-DB754EABEC63}.Release|Any CPU.ActiveCfg = Release|Any CPU
		{A92F943C-009D-412B-B8D2-DB754EABEC63}.Release|Any CPU.Build.0 = Release|Any CPU
		{08285224-9F4F-4FAF-95EC-FB28C2E77725}.Debug|Any CPU.ActiveCfg = Debug|Any CPU
		{08285224-9F4F-4FAF-95EC-FB28C2E77725}.Debug|Any CPU.Build.0 = Debug|Any CPU
		{08285224-9F4F-4FAF-95EC-FB28C2E77725}.Release|Any CPU.ActiveCfg = Release|Any CPU
		{08285224-9F4F-4FAF-95EC-FB28C2E77725}.Release|Any CPU.Build.0 = Release|Any CPU
		{1C7B7108-3FDE-4E40-92E5-17F232B19362}.Debug|Any CPU.ActiveCfg = Debug|Any CPU
		{1C7B7108-3FDE-4E40-92E5-17F232B19362}.Debug|Any CPU.Build.0 = Debug|Any CPU
		{1C7B7108-3FDE-4E40-92E5-17F232B19362}.Release|Any CPU.ActiveCfg = Release|Any CPU
		{1C7B7108-3FDE-4E40-92E5-17F232B19362}.Release|Any CPU.Build.0 = Release|Any CPU
		{9993AF7B-5AAB-460F-BA32-8EDC6A34103D}.Debug|Any CPU.ActiveCfg = Debug|Any CPU
		{9993AF7B-5AAB-460F-BA32-8EDC6A34103D}.Debug|Any CPU.Build.0 = Debug|Any CPU
		{9993AF7B-5AAB-460F-BA32-8EDC6A34103D}.Release|Any CPU.ActiveCfg = Release|Any CPU
		{9993AF7B-5AAB-460F-BA32-8EDC6A34103D}.Release|Any CPU.Build.0 = Release|Any CPU
		{3E940307-5201-458C-9F40-0E44A2EC208C}.Debug|Any CPU.ActiveCfg = Debug|Any CPU
		{3E940307-5201-458C-9F40-0E44A2EC208C}.Debug|Any CPU.Build.0 = Debug|Any CPU
		{3E940307-5201-458C-9F40-0E44A2EC208C}.Release|Any CPU.ActiveCfg = Release|Any CPU
		{3E940307-5201-458C-9F40-0E44A2EC208C}.Release|Any CPU.Build.0 = Release|Any CPU
	EndGlobalSection
	GlobalSection(SolutionProperties) = preSolution
		HideSolutionNode = FALSE
	EndGlobalSection
	GlobalSection(NestedProjects) = preSolution
		{32457E08-79F8-4C3B-9CD0-593A2EE8AC75} = {A5A8CFC1-C051-434B-8A2B-941707B4C669}
		{1E312199-AF54-4DF2-8212-00659DD044A2} = {32457E08-79F8-4C3B-9CD0-593A2EE8AC75}
		{50907923-A6B4-42FB-B88D-DB7B07048BFA} = {32457E08-79F8-4C3B-9CD0-593A2EE8AC75}
		{AF309EB7-BA0C-4D2F-A377-8F4A17D637B2} = {F035653E-F6E9-4137-A309-3ECC40CCCD9A}
		{B797A66D-C88C-4F51-B6F5-72E2668DDB75} = {AF309EB7-BA0C-4D2F-A377-8F4A17D637B2}
		{FC5192DC-DB75-4A78-B1DB-2B20F91A86A0} = {AF309EB7-BA0C-4D2F-A377-8F4A17D637B2}
		{E77862AC-CE94-44BF-914D-4204C1214DFE} = {EE96A1E2-266F-42B8-A122-F47DB7944D29}
		{A0166190-A824-46EF-B590-AA9225B26C00} = {E77862AC-CE94-44BF-914D-4204C1214DFE}
		{D06E24EE-5C2D-4376-836F-83FDBF617B2A} = {E77862AC-CE94-44BF-914D-4204C1214DFE}
		{07FFF0E4-8AD2-4E76-B481-BEAA95A87618} = {299925BB-8CEC-443D-90F0-0598F6564C01}
		{A92F943C-009D-412B-B8D2-DB754EABEC63} = {07FFF0E4-8AD2-4E76-B481-BEAA95A87618}
		{B00A65BE-F956-4FDB-8C68-551B9F079B84} = {299925BB-8CEC-443D-90F0-0598F6564C01}
		{08285224-9F4F-4FAF-95EC-FB28C2E77725} = {B00A65BE-F956-4FDB-8C68-551B9F079B84}
		{FFEBBEC9-3FBF-4708-A4FD-3DF71C4EB4D3} = {FDDE70E4-F1AF-483F-9D07-161DFACEB671}
		{1C7B7108-3FDE-4E40-92E5-17F232B19362} = {FFEBBEC9-3FBF-4708-A4FD-3DF71C4EB4D3}
		{804115B2-5A5F-4AB3-9BA4-04D461A4D4F2} = {FDDE70E4-F1AF-483F-9D07-161DFACEB671}
		{9993AF7B-5AAB-460F-BA32-8EDC6A34103D} = {804115B2-5A5F-4AB3-9BA4-04D461A4D4F2}
		{9B758F14-EF8E-457E-BAD7-DFC65E86D437} = {FDDE70E4-F1AF-483F-9D07-161DFACEB671}
		{3E940307-5201-458C-9F40-0E44A2EC208C} = {9B758F14-EF8E-457E-BAD7-DFC65E86D437}
	EndGlobalSection
	GlobalSection(ExtensibilityGlobals) = postSolution
		SolutionGuid = {FB9C16CC-3AB9-4E33-B792-46A57E0FE7BA}
	EndGlobalSection
EndGlobal
